
Microsoft Visual Studio Solution File, Format Version 12.00
# Visual Studio 14
VisualStudioVersion = 14.0.23107.0
MinimumVisualStudioVersion = 10.0.40219.1
Project("{8BC9CEB8-8B4A-11D0-8D11-00A0C91BC942}") = "FilesUtils", "FilesUtils\FilesUtils.vcxproj", "{701A27AB-619D-4C9B-8972-62B1B3012614}"
EndProject
Project("{8BC9CEB8-8B4A-11D0-8D11-00A0C91BC942}") = "Pointers", "Pointers\Pointers.vcxproj", "{637CFB25-B154-4F4F-B767-A1B2555F0C00}"
EndProject
Project("{8BC9CEB8-8B4A-11D0-8D11-00A0C91BC942}") = "Hex", "Hex\Hex.vcxproj", "{7E343AAD-DEAC-426F-B353-A796E3DE7743}"
EndProject
Project("{8BC9CEB8-8B4A-11D0-8D11-00A0C91BC942}") = "Functions", "Functions\Functions.vcxproj", "{3237B3D5-DAE9-4C54-BCF5-7D7128DD423D}"
EndProject
Project("{8BC9CEB8-8B4A-11D0-8D11-00A0C91BC942}") = "FileAccess", "FileAccess\FileAccess.vcxproj", "{4867083A-3711-44AB-BB31-469CA5F24696}"
EndProject
Project("{8BC9CEB8-8B4A-11D0-8D11-00A0C91BC942}") = "Console", "Console\Console.vcxproj", "{5158A8CC-67F1-49BF-92E8-EA19001F3C1D}"
EndProject
Project("{8BC9CEB8-8B4A-11D0-8D11-00A0C91BC942}") = "FilesNamespace", "FilesNamespace\FilesNamespace.vcxproj", "{B8DF48CC-9E9D-43A9-B71B-04FBCD200C9D}"
EndProject
Project("{8BC9CEB8-8B4A-11D0-8D11-00A0C91BC942}") = "TFile", "TFile\TFile.vcxproj", "{9D1859EB-B057-4CBD-8AB0-A8DA02D5EC17}"
EndProject
Project("{8BC9CEB8-8B4A-11D0-8D11-00A0C91BC942}") = "TList", "TList\TList.vcxproj", "{1E9654B8-7C80-4AD8-BFED-D919643F13D6}"
EndProject
Project("{8BC9CEB8-8B4A-11D0-8D11-00A0C91BC942}") = "FilesNamespaceUtils", "FilesNamespaceUtils\FilesNamespaceUtils.vcxproj", "{5CAFF2D1-2522-4F9C-8D56-70F1FFFF239E}"
EndProject
Project("{8BC9CEB8-8B4A-11D0-8D11-00A0C91BC942}") = "Constructors", "Constructors\Constructors.vcxproj", "{FD59228D-2000-4765-A60B-0BE414E60C7E}"
EndProject
Project("{8BC9CEB8-8B4A-11D0-8D11-00A0C91BC942}") = "Inheritance", "Inheritance\Inheritance.vcxproj", "{3EE93C5E-A2FC-43FB-B606-1A7732D6679D}"
EndProject
Project("{8BC9CEB8-8B4A-11D0-8D11-00A0C91BC942}") = "VirtualFuncs", "VirtualFuncs\VirtualFuncs.vcxproj", "{9B4E2525-FAD7-4859-9B2A-5545BC002AAD}"
EndProject
Project("{8BC9CEB8-8B4A-11D0-8D11-00A0C91BC942}") = "Polymorphism", "Polymorphism\Polymorphism.vcxproj", "{A4B39E29-D345-47F3-8CA9-01CC00BB17D2}"
EndProject
Global
	GlobalSection(SolutionConfigurationPlatforms) = preSolution
		Debug|x64 = Debug|x64
		Debug|x86 = Debug|x86
		Release|x64 = Release|x64
		Release|x86 = Release|x86
	EndGlobalSection
	GlobalSection(ProjectConfigurationPlatforms) = postSolution
		{701A27AB-619D-4C9B-8972-62B1B3012614}.Debug|x64.ActiveCfg = Debug|x64
		{701A27AB-619D-4C9B-8972-62B1B3012614}.Debug|x64.Build.0 = Debug|x64
		{701A27AB-619D-4C9B-8972-62B1B3012614}.Debug|x86.ActiveCfg = Debug|Win32
		{701A27AB-619D-4C9B-8972-62B1B3012614}.Debug|x86.Build.0 = Debug|Win32
		{701A27AB-619D-4C9B-8972-62B1B3012614}.Release|x64.ActiveCfg = Release|x64
		{701A27AB-619D-4C9B-8972-62B1B3012614}.Release|x64.Build.0 = Release|x64
		{701A27AB-619D-4C9B-8972-62B1B3012614}.Release|x86.ActiveCfg = Release|Win32
		{701A27AB-619D-4C9B-8972-62B1B3012614}.Release|x86.Build.0 = Release|Win32
		{637CFB25-B154-4F4F-B767-A1B2555F0C00}.Debug|x64.ActiveCfg = Debug|x64
		{637CFB25-B154-4F4F-B767-A1B2555F0C00}.Debug|x64.Build.0 = Debug|x64
		{637CFB25-B154-4F4F-B767-A1B2555F0C00}.Debug|x86.ActiveCfg = Debug|Win32
		{637CFB25-B154-4F4F-B767-A1B2555F0C00}.Debug|x86.Build.0 = Debug|Win32
		{637CFB25-B154-4F4F-B767-A1B2555F0C00}.Release|x64.ActiveCfg = Release|x64
		{637CFB25-B154-4F4F-B767-A1B2555F0C00}.Release|x64.Build.0 = Release|x64
		{637CFB25-B154-4F4F-B767-A1B2555F0C00}.Release|x86.ActiveCfg = Release|Win32
		{637CFB25-B154-4F4F-B767-A1B2555F0C00}.Release|x86.Build.0 = Release|Win32
		{7E343AAD-DEAC-426F-B353-A796E3DE7743}.Debug|x64.ActiveCfg = Debug|x64
		{7E343AAD-DEAC-426F-B353-A796E3DE7743}.Debug|x64.Build.0 = Debug|x64
		{7E343AAD-DEAC-426F-B353-A796E3DE7743}.Debug|x86.ActiveCfg = Debug|Win32
		{7E343AAD-DEAC-426F-B353-A796E3DE7743}.Debug|x86.Build.0 = Debug|Win32
		{7E343AAD-DEAC-426F-B353-A796E3DE7743}.Release|x64.ActiveCfg = Release|x64
		{7E343AAD-DEAC-426F-B353-A796E3DE7743}.Release|x64.Build.0 = Release|x64
		{7E343AAD-DEAC-426F-B353-A796E3DE7743}.Release|x86.ActiveCfg = Release|Win32
		{7E343AAD-DEAC-426F-B353-A796E3DE7743}.Release|x86.Build.0 = Release|Win32
		{3237B3D5-DAE9-4C54-BCF5-7D7128DD423D}.Debug|x64.ActiveCfg = Debug|x64
		{3237B3D5-DAE9-4C54-BCF5-7D7128DD423D}.Debug|x64.Build.0 = Debug|x64
		{3237B3D5-DAE9-4C54-BCF5-7D7128DD423D}.Debug|x86.ActiveCfg = Debug|Win32
		{3237B3D5-DAE9-4C54-BCF5-7D7128DD423D}.Debug|x86.Build.0 = Debug|Win32
		{3237B3D5-DAE9-4C54-BCF5-7D7128DD423D}.Release|x64.ActiveCfg = Release|x64
		{3237B3D5-DAE9-4C54-BCF5-7D7128DD423D}.Release|x64.Build.0 = Release|x64
		{3237B3D5-DAE9-4C54-BCF5-7D7128DD423D}.Release|x86.ActiveCfg = Release|Win32
		{3237B3D5-DAE9-4C54-BCF5-7D7128DD423D}.Release|x86.Build.0 = Release|Win32
		{4867083A-3711-44AB-BB31-469CA5F24696}.Debug|x64.ActiveCfg = Debug|x64
		{4867083A-3711-44AB-BB31-469CA5F24696}.Debug|x64.Build.0 = Debug|x64
		{4867083A-3711-44AB-BB31-469CA5F24696}.Debug|x86.ActiveCfg = Debug|Win32
		{4867083A-3711-44AB-BB31-469CA5F24696}.Debug|x86.Build.0 = Debug|Win32
		{4867083A-3711-44AB-BB31-469CA5F24696}.Release|x64.ActiveCfg = Release|x64
		{4867083A-3711-44AB-BB31-469CA5F24696}.Release|x64.Build.0 = Release|x64
		{4867083A-3711-44AB-BB31-469CA5F24696}.Release|x86.ActiveCfg = Release|Win32
		{4867083A-3711-44AB-BB31-469CA5F24696}.Release|x86.Build.0 = Release|Win32
		{5158A8CC-67F1-49BF-92E8-EA19001F3C1D}.Debug|x64.ActiveCfg = Debug|x64
		{5158A8CC-67F1-49BF-92E8-EA19001F3C1D}.Debug|x64.Build.0 = Debug|x64
		{5158A8CC-67F1-49BF-92E8-EA19001F3C1D}.Debug|x86.ActiveCfg = Debug|Win32
		{5158A8CC-67F1-49BF-92E8-EA19001F3C1D}.Debug|x86.Build.0 = Debug|Win32
		{5158A8CC-67F1-49BF-92E8-EA19001F3C1D}.Release|x64.ActiveCfg = Release|x64
		{5158A8CC-67F1-49BF-92E8-EA19001F3C1D}.Release|x64.Build.0 = Release|x64
		{5158A8CC-67F1-49BF-92E8-EA19001F3C1D}.Release|x86.ActiveCfg = Release|Win32
		{5158A8CC-67F1-49BF-92E8-EA19001F3C1D}.Release|x86.Build.0 = Release|Win32
		{B8DF48CC-9E9D-43A9-B71B-04FBCD200C9D}.Debug|x64.ActiveCfg = Debug|x64
		{B8DF48CC-9E9D-43A9-B71B-04FBCD200C9D}.Debug|x64.Build.0 = Debug|x64
		{B8DF48CC-9E9D-43A9-B71B-04FBCD200C9D}.Debug|x86.ActiveCfg = Debug|Win32
		{B8DF48CC-9E9D-43A9-B71B-04FBCD200C9D}.Debug|x86.Build.0 = Debug|Win32
		{B8DF48CC-9E9D-43A9-B71B-04FBCD200C9D}.Release|x64.ActiveCfg = Release|x64
		{B8DF48CC-9E9D-43A9-B71B-04FBCD200C9D}.Release|x64.Build.0 = Release|x64
		{B8DF48CC-9E9D-43A9-B71B-04FBCD200C9D}.Release|x86.ActiveCfg = Release|Win32
		{B8DF48CC-9E9D-43A9-B71B-04FBCD200C9D}.Release|x86.Build.0 = Release|Win32
		{9D1859EB-B057-4CBD-8AB0-A8DA02D5EC17}.Debug|x64.ActiveCfg = Debug|x64
		{9D1859EB-B057-4CBD-8AB0-A8DA02D5EC17}.Debug|x64.Build.0 = Debug|x64
		{9D1859EB-B057-4CBD-8AB0-A8DA02D5EC17}.Debug|x86.ActiveCfg = Debug|Win32
		{9D1859EB-B057-4CBD-8AB0-A8DA02D5EC17}.Debug|x86.Build.0 = Debug|Win32
		{9D1859EB-B057-4CBD-8AB0-A8DA02D5EC17}.Release|x64.ActiveCfg = Release|x64
		{9D1859EB-B057-4CBD-8AB0-A8DA02D5EC17}.Release|x64.Build.0 = Release|x64
		{9D1859EB-B057-4CBD-8AB0-A8DA02D5EC17}.Release|x86.ActiveCfg = Release|Win32
		{9D1859EB-B057-4CBD-8AB0-A8DA02D5EC17}.Release|x86.Build.0 = Release|Win32
		{1E9654B8-7C80-4AD8-BFED-D919643F13D6}.Debug|x64.ActiveCfg = Debug|x64
		{1E9654B8-7C80-4AD8-BFED-D919643F13D6}.Debug|x64.Build.0 = Debug|x64
		{1E9654B8-7C80-4AD8-BFED-D919643F13D6}.Debug|x86.ActiveCfg = Debug|Win32
		{1E9654B8-7C80-4AD8-BFED-D919643F13D6}.Debug|x86.Build.0 = Debug|Win32
		{1E9654B8-7C80-4AD8-BFED-D919643F13D6}.Release|x64.ActiveCfg = Release|x64
		{1E9654B8-7C80-4AD8-BFED-D919643F13D6}.Release|x64.Build.0 = Release|x64
		{1E9654B8-7C80-4AD8-BFED-D919643F13D6}.Release|x86.ActiveCfg = Release|Win32
		{1E9654B8-7C80-4AD8-BFED-D919643F13D6}.Release|x86.Build.0 = Release|Win32
		{5CAFF2D1-2522-4F9C-8D56-70F1FFFF239E}.Debug|x64.ActiveCfg = Debug|x64
		{5CAFF2D1-2522-4F9C-8D56-70F1FFFF239E}.Debug|x64.Build.0 = Debug|x64
		{5CAFF2D1-2522-4F9C-8D56-70F1FFFF239E}.Debug|x86.ActiveCfg = Debug|Win32
		{5CAFF2D1-2522-4F9C-8D56-70F1FFFF239E}.Debug|x86.Build.0 = Debug|Win32
		{5CAFF2D1-2522-4F9C-8D56-70F1FFFF239E}.Release|x64.ActiveCfg = Release|x64
		{5CAFF2D1-2522-4F9C-8D56-70F1FFFF239E}.Release|x64.Build.0 = Release|x64
		{5CAFF2D1-2522-4F9C-8D56-70F1FFFF239E}.Release|x86.ActiveCfg = Release|Win32
		{5CAFF2D1-2522-4F9C-8D56-70F1FFFF239E}.Release|x86.Build.0 = Release|Win32
		{FD59228D-2000-4765-A60B-0BE414E60C7E}.Debug|x64.ActiveCfg = Debug|x64
		{FD59228D-2000-4765-A60B-0BE414E60C7E}.Debug|x64.Build.0 = Debug|x64
		{FD59228D-2000-4765-A60B-0BE414E60C7E}.Debug|x86.ActiveCfg = Debug|Win32
		{FD59228D-2000-4765-A60B-0BE414E60C7E}.Debug|x86.Build.0 = Debug|Win32
		{FD59228D-2000-4765-A60B-0BE414E60C7E}.Release|x64.ActiveCfg = Release|x64
		{FD59228D-2000-4765-A60B-0BE414E60C7E}.Release|x64.Build.0 = Release|x64
		{FD59228D-2000-4765-A60B-0BE414E60C7E}.Release|x86.ActiveCfg = Release|Win32
		{FD59228D-2000-4765-A60B-0BE414E60C7E}.Release|x86.Build.0 = Release|Win32
		{3EE93C5E-A2FC-43FB-B606-1A7732D6679D}.Debug|x64.ActiveCfg = Debug|Win32
		{3EE93C5E-A2FC-43FB-B606-1A7732D6679D}.Debug|x86.ActiveCfg = Debug|Win32
		{3EE93C5E-A2FC-43FB-B606-1A7732D6679D}.Debug|x86.Build.0 = Debug|Win32
		{3EE93C5E-A2FC-43FB-B606-1A7732D6679D}.Release|x64.ActiveCfg = Release|Win32
		{3EE93C5E-A2FC-43FB-B606-1A7732D6679D}.Release|x86.ActiveCfg = Release|Win32
		{3EE93C5E-A2FC-43FB-B606-1A7732D6679D}.Release|x86.Build.0 = Release|Win32
		{9B4E2525-FAD7-4859-9B2A-5545BC002AAD}.Debug|x64.ActiveCfg = Debug|x64
		{9B4E2525-FAD7-4859-9B2A-5545BC002AAD}.Debug|x64.Build.0 = Debug|x64
		{9B4E2525-FAD7-4859-9B2A-5545BC002AAD}.Debug|x86.ActiveCfg = Debug|Win32
		{9B4E2525-FAD7-4859-9B2A-5545BC002AAD}.Debug|x86.Build.0 = Debug|Win32
		{9B4E2525-FAD7-4859-9B2A-5545BC002AAD}.Release|x64.ActiveCfg = Release|x64
		{9B4E2525-FAD7-4859-9B2A-5545BC002AAD}.Release|x64.Build.0 = Release|x64
		{9B4E2525-FAD7-4859-9B2A-5545BC002AAD}.Release|x86.ActiveCfg = Release|Win32
		{9B4E2525-FAD7-4859-9B2A-5545BC002AAD}.Release|x86.Build.0 = Release|Win32
		{A4B39E29-D345-47F3-8CA9-01CC00BB17D2}.Debug|x64.ActiveCfg = Debug|x64
		{A4B39E29-D345-47F3-8CA9-01CC00BB17D2}.Debug|x64.Build.0 = Debug|x64
		{A4B39E29-D345-47F3-8CA9-01CC00BB17D2}.Debug|x86.ActiveCfg = Debug|Win32
		{A4B39E29-D345-47F3-8CA9-01CC00BB17D2}.Debug|x86.Build.0 = Debug|Win32
		{A4B39E29-D345-47F3-8CA9-01CC00BB17D2}.Release|x64.ActiveCfg = Release|x64
		{A4B39E29-D345-47F3-8CA9-01CC00BB17D2}.Release|x64.Build.0 = Release|x64
		{A4B39E29-D345-47F3-8CA9-01CC00BB17D2}.Release|x86.ActiveCfg = Release|Win32
		{A4B39E29-D345-47F3-8CA9-01CC00BB17D2}.Release|x86.Build.0 = Release|Win32
	EndGlobalSection
	GlobalSection(SolutionProperties) = preSolution
		HideSolutionNode = FALSE
	EndGlobalSection
EndGlobal
